
Microsoft Visual Studio Solution File, Format Version 12.00
# Visual Studio Version 17
VisualStudioVersion = 17.14.36717.8
MinimumVisualStudioVersion = 10.0.40219.1
Project("{FAE04EC0-301F-11D3-BF4B-00C04F79EFBC}") = "CapaEntidades", "CapaEntidades\CapaEntidades.csproj", "{BE0E366E-58D9-4EBC-8C36-0084A36E10A1}"
EndProject
Project("{FAE04EC0-301F-11D3-BF4B-00C04F79EFBC}") = "CapaAccesoDatos", "CapaAccesoDatos\CapaAccesoDatos.csproj", "{2DDB07C8-EA72-40A7-9ACB-C2A5945F5A68}"
EndProject
Project("{FAE04EC0-301F-11D3-BF4B-00C04F79EFBC}") = "CapaServidor", "CapaServidor\CapaServidor.csproj", "{71920394-AB4C-46C1-BAEA-057A4EF6CE7E}"
EndProject
Project("{FAE04EC0-301F-11D3-BF4B-00C04F79EFBC}") = "ServidorTest", "ServidorTest\ServidorTest.csproj", "{CC4D4AB0-2AE9-4E4D-B321-EA1DF7486A11}"
EndProject
Global
	GlobalSection(SolutionConfigurationPlatforms) = preSolution
		Debug|Any CPU = Debug|Any CPU
		Release|Any CPU = Release|Any CPU
	EndGlobalSection
	GlobalSection(ProjectConfigurationPlatforms) = postSolution
		{BE0E366E-58D9-4EBC-8C36-0084A36E10A1}.Debug|Any CPU.ActiveCfg = Debug|Any CPU
		{BE0E366E-58D9-4EBC-8C36-0084A36E10A1}.Debug|Any CPU.Build.0 = Debug|Any CPU
		{BE0E366E-58D9-4EBC-8C36-0084A36E10A1}.Release|Any CPU.ActiveCfg = Release|Any CPU
		{BE0E366E-58D9-4EBC-8C36-0084A36E10A1}.Release|Any CPU.Build.0 = Release|Any CPU
		{2DDB07C8-EA72-40A7-9ACB-C2A5945F5A68}.Debug|Any CPU.ActiveCfg = Debug|Any CPU
		{2DDB07C8-EA72-40A7-9ACB-C2A5945F5A68}.Debug|Any CPU.Build.0 = Debug|Any CPU
		{2DDB07C8-EA72-40A7-9ACB-C2A5945F5A68}.Release|Any CPU.ActiveCfg = Release|Any CPU
		{2DDB07C8-EA72-40A7-9ACB-C2A5945F5A68}.Release|Any CPU.Build.0 = Release|Any CPU
		{71920394-AB4C-46C1-BAEA-057A4EF6CE7E}.Debug|Any CPU.ActiveCfg = Debug|Any CPU
		{71920394-AB4C-46C1-BAEA-057A4EF6CE7E}.Debug|Any CPU.Build.0 = Debug|Any CPU
		{71920394-AB4C-46C1-BAEA-057A4EF6CE7E}.Release|Any CPU.ActiveCfg = Release|Any CPU
		{71920394-AB4C-46C1-BAEA-057A4EF6CE7E}.Release|Any CPU.Build.0 = Release|Any CPU
		{CC4D4AB0-2AE9-4E4D-B321-EA1DF7486A11}.Debug|Any CPU.ActiveCfg = Debug|Any CPU
		{CC4D4AB0-2AE9-4E4D-B321-EA1DF7486A11}.Debug|Any CPU.Build.0 = Debug|Any CPU
		{CC4D4AB0-2AE9-4E4D-B321-EA1DF7486A11}.Release|Any CPU.ActiveCfg = Release|Any CPU
		{CC4D4AB0-2AE9-4E4D-B321-EA1DF7486A11}.Release|Any CPU.Build.0 = Release|Any CPU
	EndGlobalSection
	GlobalSection(SolutionProperties) = preSolution
		HideSolutionNode = FALSE
	EndGlobalSection
	GlobalSection(ExtensibilityGlobals) = postSolution
		SolutionGuid = {AEB24559-A860-465D-893F-86F6E0BB7876}
	EndGlobalSection
EndGlobal
